
Microsoft Visual Studio Solution File, Format Version 12.00
# Visual Studio Version 17
VisualStudioVersion = 17.8.34525.116
MinimumVisualStudioVersion = 10.0.40219.1
Project("{FAE04EC0-301F-11D3-BF4B-00C04F79EFBC}") = "TestViewApp", "TestViewApp.csproj", "{A9299018-A838-42E4-ACF9-5BDA588BBE0C}"
EndProject
Global
	GlobalSection(SolutionConfigurationPlatforms) = preSolution
		Debug|Any CPU = Debug|Any CPU
		Release|Any CPU = Release|Any CPU
	EndGlobalSection
	GlobalSection(ProjectConfigurationPlatforms) = postSolution
		{A9299018-A838-42E4-ACF9-5BDA588BBE0C}.Debug|Any CPU.ActiveCfg = Debug|Any CPU
		{A9299018-A838-42E4-ACF9-5BDA588BBE0C}.Debug|Any CPU.Build.0 = Debug|Any CPU
		{A9299018-A838-42E4-ACF9-5BDA588BBE0C}.Release|Any CPU.ActiveCfg = Release|Any CPU
		{A9299018-A838-42E4-ACF9-5BDA588BBE0C}.Release|Any CPU.Build.0 = Release|Any CPU
	EndGlobalSection
	GlobalSection(SolutionProperties) = preSolution
		HideSolutionNode = FALSE
	EndGlobalSection
	GlobalSection(ExtensibilityGlobals) = postSolution
		SolutionGuid = {746190A5-C446-4970-90B6-CCD6B33F6A08}
	EndGlobalSection
EndGlobal
